
Microsoft Visual Studio Solution File, Format Version 12.00
# Visual Studio Version 17
VisualStudioVersion = 17.11.35222.181
MinimumVisualStudioVersion = 10.0.40219.1
Project("{FAE04EC0-301F-11D3-BF4B-00C04F79EFBC}") = "CG Lab", "CG Lab.csproj", "{79D55A6B-0EBC-4BE2-A770-6E1627228DD9}"
EndProject
Global
	GlobalSection(SolutionConfigurationPlatforms) = preSolution
		Debug|Any CPU = Debug|Any CPU
		Release|Any CPU = Release|Any CPU
	EndGlobalSection
	GlobalSection(ProjectConfigurationPlatforms) = postSolution
		{79D55A6B-0EBC-4BE2-A770-6E1627228DD9}.Debug|Any CPU.ActiveCfg = Debug|Any CPU
		{79D55A6B-0EBC-4BE2-A770-6E1627228DD9}.Debug|Any CPU.Build.0 = Debug|Any CPU
		{79D55A6B-0EBC-4BE2-A770-6E1627228DD9}.Release|Any CPU.ActiveCfg = Release|Any CPU
		{79D55A6B-0EBC-4BE2-A770-6E1627228DD9}.Release|Any CPU.Build.0 = Release|Any CPU
	EndGlobalSection
	GlobalSection(SolutionProperties) = preSolution
		HideSolutionNode = FALSE
	EndGlobalSection
	GlobalSection(ExtensibilityGlobals) = postSolution
		SolutionGuid = {761DE1EA-591E-47FE-BE95-38F6F78FA2CC}
	EndGlobalSection
EndGlobal
